// !$*UTF8*$!
{
	archiveVersion = 1;
	classes = {
	};
	objectVersion = 50;
	objects = {

/* Begin PBXBuildFile section */
		9EC2771722B79BA2006FB907 /* AppDelegate.swift in Sources */ = {isa = PBXBuildFile; fileRef = 9EC2771622B79BA2006FB907 /* AppDelegate.swift */; };
		9EC2771922B79BA2006FB907 /* ViewController.swift in Sources */ = {isa = PBXBuildFile; fileRef = 9EC2771822B79BA2006FB907 /* ViewController.swift */; };
		9EC2771C22B79BA2006FB907 /* Main.storyboard in Resources */ = {isa = PBXBuildFile; fileRef = 9EC2771A22B79BA2006FB907 /* Main.storyboard */; };
		9EC2771F22B79BA2006FB907 /* NoteStepik.xcdatamodeld in Sources */ = {isa = PBXBuildFile; fileRef = 9EC2771D22B79BA2006FB907 /* NoteStepik.xcdatamodeld */; };
		9EC2772122B79BA5006FB907 /* Assets.xcassets in Resources */ = {isa = PBXBuildFile; fileRef = 9EC2772022B79BA5006FB907 /* Assets.xcassets */; };
		9EC2772422B79BA5006FB907 /* LaunchScreen.storyboard in Resources */ = {isa = PBXBuildFile; fileRef = 9EC2772222B79BA5006FB907 /* LaunchScreen.storyboard */; };
		9EC2772C22B79BB5006FB907 /* Note.swift in Sources */ = {isa = PBXBuildFile; fileRef = 9EC2772B22B79BB5006FB907 /* Note.swift */; };
		9EC2772E22B8C8EB006FB907 /* NoteExtensions.swift in Sources */ = {isa = PBXBuildFile; fileRef = 9EC2772D22B8C8EB006FB907 /* NoteExtensions.swift */; };
		9EC2773022B8F5B5006FB907 /* FileNotebook.swift in Sources */ = {isa = PBXBuildFile; fileRef = 9EC2772F22B8F5B5006FB907 /* FileNotebook.swift */; };
/* End PBXBuildFile section */

/* Begin PBXFileReference section */
		9EC2771322B79BA2006FB907 /* NoteStepik.app */ = {isa = PBXFileReference; explicitFileType = wrapper.application; includeInIndex = 0; path = NoteStepik.app; sourceTree = BUILT_PRODUCTS_DIR; };
		9EC2771622B79BA2006FB907 /* AppDelegate.swift */ = {isa = PBXFileReference; lastKnownFileType = sourcecode.swift; path = AppDelegate.swift; sourceTree = "<group>"; };
		9EC2771822B79BA2006FB907 /* ViewController.swift */ = {isa = PBXFileReference; lastKnownFileType = sourcecode.swift; path = ViewController.swift; sourceTree = "<group>"; };
		9EC2771B22B79BA2006FB907 /* Base */ = {isa = PBXFileReference; lastKnownFileType = file.storyboard; name = Base; path = Base.lproj/Main.storyboard; sourceTree = "<group>"; };
		9EC2771E22B79BA2006FB907 /* NoteStepik.xcdatamodel */ = {isa = PBXFileReference; lastKnownFileType = wrapper.xcdatamodel; path = NoteStepik.xcdatamodel; sourceTree = "<group>"; };
		9EC2772022B79BA5006FB907 /* Assets.xcassets */ = {isa = PBXFileReference; lastKnownFileType = folder.assetcatalog; path = Assets.xcassets; sourceTree = "<group>"; };
		9EC2772322B79BA5006FB907 /* Base */ = {isa = PBXFileReference; lastKnownFileType = file.storyboard; name = Base; path = Base.lproj/LaunchScreen.storyboard; sourceTree = "<group>"; };
		9EC2772522B79BA5006FB907 /* Info.plist */ = {isa = PBXFileReference; lastKnownFileType = text.plist.xml; path = Info.plist; sourceTree = "<group>"; };
		9EC2772B22B79BB5006FB907 /* Note.swift */ = {isa = PBXFileReference; lastKnownFileType = sourcecode.swift; path = Note.swift; sourceTree = "<group>"; };
		9EC2772D22B8C8EB006FB907 /* NoteExtensions.swift */ = {isa = PBXFileReference; lastKnownFileType = sourcecode.swift; path = NoteExtensions.swift; sourceTree = "<group>"; };
		9EC2772F22B8F5B5006FB907 /* FileNotebook.swift */ = {isa = PBXFileReference; lastKnownFileType = sourcecode.swift; path = FileNotebook.swift; sourceTree = "<group>"; };
/* End PBXFileReference section */

/* Begin PBXFrameworksBuildPhase section */
		9EC2771022B79BA1006FB907 /* Frameworks */ = {
			isa = PBXFrameworksBuildPhase;
			buildActionMask = 2147483647;
			files = (
			);
			runOnlyForDeploymentPostprocessing = 0;
		};
/* End PBXFrameworksBuildPhase section */

/* Begin PBXGroup section */
		9EC2770A22B79BA1006FB907 = {
			isa = PBXGroup;
			children = (
				9EC2771522B79BA2006FB907 /* NoteStepik */,
				9EC2771422B79BA2006FB907 /* Products */,
			);
			sourceTree = "<group>";
		};
		9EC2771422B79BA2006FB907 /* Products */ = {
			isa = PBXGroup;
			children = (
				9EC2771322B79BA2006FB907 /* NoteStepik.app */,
			);
			name = Products;
			sourceTree = "<group>";
		};
		9EC2771522B79BA2006FB907 /* NoteStepik */ = {
			isa = PBXGroup;
			children = (
				9EC2771622B79BA2006FB907 /* AppDelegate.swift */,
				9EC2771822B79BA2006FB907 /* ViewController.swift */,
				9EC2772B22B79BB5006FB907 /* Note.swift */,
				9EC2772D22B8C8EB006FB907 /* NoteExtensions.swift */,
				9EC2772F22B8F5B5006FB907 /* FileNotebook.swift */,
				9EC2771A22B79BA2006FB907 /* Main.storyboard */,
				9EC2772022B79BA5006FB907 /* Assets.xcassets */,
				9EC2772222B79BA5006FB907 /* LaunchScreen.storyboard */,
				9EC2772522B79BA5006FB907 /* Info.plist */,
				9EC2771D22B79BA2006FB907 /* NoteStepik.xcdatamodeld */,
			);
			path = NoteStepik;
			sourceTree = "<group>";
		};
/* End PBXGroup section */

/* Begin PBXNativeTarget section */
		9EC2771222B79BA1006FB907 /* NoteStepik */ = {
			isa = PBXNativeTarget;
			buildConfigurationList = 9EC2772822B79BA5006FB907 /* Build configuration list for PBXNativeTarget "NoteStepik" */;
			buildPhases = (
				9EC2770F22B79BA1006FB907 /* Sources */,
				9EC2771022B79BA1006FB907 /* Frameworks */,
				9EC2771122B79BA1006FB907 /* Resources */,
			);
			buildRules = (
			);
			dependencies = (
			);
			name = NoteStepik;
			productName = NoteStepik;
			productReference = 9EC2771322B79BA2006FB907 /* NoteStepik.app */;
			productType = "com.apple.product-type.application";
		};
/* End PBXNativeTarget section */

/* Begin PBXProject section */
		9EC2770B22B79BA1006FB907 /* Project object */ = {
			isa = PBXProject;
			attributes = {
				LastSwiftUpdateCheck = 1020;
				LastUpgradeCheck = 1020;
				ORGANIZATIONNAME = "Gorbovtsova Ksenya";
				TargetAttributes = {
					9EC2771222B79BA1006FB907 = {
						CreatedOnToolsVersion = 10.2;
					};
				};
			};
			buildConfigurationList = 9EC2770E22B79BA1006FB907 /* Build configuration list for PBXProject "NoteStepik" */;
			compatibilityVersion = "Xcode 9.3";
			developmentRegion = en;
			hasScannedForEncodings = 0;
			knownRegions = (
				en,
				Base,
			);
			mainGroup = 9EC2770A22B79BA1006FB907;
			productRefGroup = 9EC2771422B79BA2006FB907 /* Products */;
			projectDirPath = "";
			projectRoot = "";
			targets = (
				9EC2771222B79BA1006FB907 /* NoteStepik */,
			);
		};
/* End PBXProject section */

/* Begin PBXResourcesBuildPhase section */
		9EC2771122B79BA1006FB907 /* Resources */ = {
			isa = PBXResourcesBuildPhase;
			buildActionMask = 2147483647;
			files = (
				9EC2772422B79BA5006FB907 /* LaunchScreen.storyboard in Resources */,
				9EC2772122B79BA5006FB907 /* Assets.xcassets in Resources */,
				9EC2771C22B79BA2006FB907 /* Main.storyboard in Resources */,
			);
			runOnlyForDeploymentPostprocessing = 0;
		};
/* End PBXResourcesBuildPhase section */

/* Begin PBXSourcesBuildPhase section */
		9EC2770F22B79BA1006FB907 /* Sources */ = {
			isa = PBXSourcesBuildPhase;
			buildActionMask = 2147483647;
			files = (
				9EC2773022B8F5B5006FB907 /* FileNotebook.swift in Sources */,
				9EC2771922B79BA2006FB907 /* ViewController.swift in Sources */,
				9EC2771F22B79BA2006FB907 /* NoteStepik.xcdatamodeld in Sources */,
				9EC2772E22B8C8EB006FB907 /* NoteExtensions.swift in Sources */,
				9EC2771722B79BA2006FB907 /* AppDelegate.swift in Sources */,
				9EC2772C22B79BB5006FB907 /* Note.swift in Sources */,
			);
			runOnlyForDeploymentPostprocessing = 0;
		};
/* End PBXSourcesBuildPhase section */

/* Begin PBXVariantGroup section */
		9EC2771A22B79BA2006FB907 /* Main.storyboard */ = {
			isa = PBXVariantGroup;
			children = (
				9EC2771B22B79BA2006FB907 /* Base */,
			);
			name = Main.storyboard;
			sourceTree = "<group>";
		};
		9EC2772222B79BA5006FB907 /* LaunchScreen.storyboard */ = {
			isa = PBXVariantGroup;
			children = (
				9EC2772322B79BA5006FB907 /* Base */,
			);
			name = LaunchScreen.storyboard;
			sourceTree = "<group>";
		};
/* End PBXVariantGroup section */

/* Begin XCBuildConfiguration section */
		9EC2772622B79BA5006FB907 /* Debug */ = {
			isa = XCBuildConfiguration;
			buildSettings = {
				ALWAYS_SEARCH_USER_PATHS = NO;
				CLANG_ANALYZER_NONNULL = YES;
				CLANG_ANALYZER_NUMBER_OBJECT_CONVERSION = YES_AGGRESSIVE;
				CLANG_CXX_LANGUAGE_STANDARD = "gnu++14";
				CLANG_CXX_LIBRARY = "libc++";
				CLANG_ENABLE_MODULES = YES;
				CLANG_ENABLE_OBJC_ARC = YES;
				CLANG_ENABLE_OBJC_WEAK = YES;
				CLANG_WARN_BLOCK_CAPTURE_AUTORELEASING = YES;
				CLANG_WARN_BOOL_CONVERSION = YES;
				CLANG_WARN_COMMA = YES;
				CLANG_WARN_CONSTANT_CONVERSION = YES;
				CLANG_WARN_DEPRECATED_OBJC_IMPLEMENTATIONS = YES;
				CLANG_WARN_DIRECT_OBJC_ISA_USAGE = YES_ERROR;
				CLANG_WARN_DOCUMENTATION_COMMENTS = YES;
				CLANG_WARN_EMPTY_BODY = YES;
				CLANG_WARN_ENUM_CONVERSION = YES;
				CLANG_WARN_INFINITE_RECURSION = YES;
				CLANG_WARN_INT_CONVERSION = YES;
				CLANG_WARN_NON_LITERAL_NULL_CONVERSION = YES;
				CLANG_WARN_OBJC_IMPLICIT_RETAIN_SELF = YES;
				CLANG_WARN_OBJC_LITERAL_CONVERSION = YES;
				CLANG_WARN_OBJC_ROOT_CLASS = YES_ERROR;
				CLANG_WARN_RANGE_LOOP_ANALYSIS = YES;
				CLANG_WARN_STRICT_PROTOTYPES = YES;
				CLANG_WARN_SUSPICIOUS_MOVE = YES;
				CLANG_WARN_UNGUARDED_AVAILABILITY = YES_AGGRESSIVE;
				CLANG_WARN_UNREACHABLE_CODE = YES;
				CLANG_WARN__DUPLICATE_METHOD_MATCH = YES;
				CODE_SIGN_IDENTITY = "iPhone Developer";
				COPY_PHASE_STRIP = NO;
				DEBUG_INFORMATION_FORMAT = dwarf;
				ENABLE_STRICT_OBJC_MSGSEND = YES;
				ENABLE_TESTABILITY = YES;
				GCC_C_LANGUAGE_STANDARD = gnu11;
				GCC_DYNAMIC_NO_PIC = NO;
				GCC_NO_COMMON_BLOCKS = YES;
				GCC_OPTIMIZATION_LEVEL = 0;
				GCC_PREPROCESSOR_DEFINITIONS = (
					"DEBUG=1",
					"$(inherited)",
				);
				GCC_WARN_64_TO_32_BIT_CONVERSION = YES;
				GCC_WARN_ABOUT_RETURN_TYPE = YES_ERROR;
				GCC_WARN_UNDECLARED_SELECTOR = YES;
				GCC_WARN_UNINITIALIZED_AUTOS = YES_AGGRESSIVE;
				GCC_WARN_UNUSED_FUNCTION = YES;
				GCC_WARN_UNUSED_VARIABLE = YES;
				IPHONEOS_DEPLOYMENT_TARGET = 12.2;
				MTL_ENABLE_DEBUG_INFO = INCLUDE_SOURCE;
				MTL_FAST_MATH = YES;
				ONLY_ACTIVE_ARCH = YES;
				SDKROOT = iphoneos;
				SWIFT_ACTIVE_COMPILATION_CONDITIONS = DEBUG;
				SWIFT_OPTIMIZATION_LEVEL = "-Onone";
			};
			name = Debug;
		};
		9EC2772722B79BA5006FB907 /* Release */ = {
			isa = XCBuildConfiguration;
			buildSettings = {
				ALWAYS_SEARCH_USER_PATHS = NO;
				CLANG_ANALYZER_NONNULL = YES;
				CLANG_ANALYZER_NUMBER_OBJECT_CONVERSION = YES_AGGRESSIVE;
				CLANG_CXX_LANGUAGE_STANDARD = "gnu++14";
				CLANG_CXX_LIBRARY = "libc++";
				CLANG_ENABLE_MODULES = YES;
				CLANG_ENABLE_OBJC_ARC = YES;
				CLANG_ENABLE_OBJC_WEAK = YES;
				CLANG_WARN_BLOCK_CAPTURE_AUTORELEASING = YES;
				CLANG_WARN_BOOL_CONVERSION = YES;
				CLANG_WARN_COMMA = YES;
				CLANG_WARN_CONSTANT_CONVERSION = YES;
				CLANG_WARN_DEPRECATED_OBJC_IMPLEMENTATIONS = YES;
				CLANG_WARN_DIRECT_OBJC_ISA_USAGE = YES_ERROR;
				CLANG_WARN_DOCUMENTATION_COMMENTS = YES;
				CLANG_WARN_EMPTY_BODY = YES;
				CLANG_WARN_ENUM_CONVERSION = YES;
				CLANG_WARN_INFINITE_RECURSION = YES;
				CLANG_WARN_INT_CONVERSION = YES;
				CLANG_WARN_NON_LITERAL_NULL_CONVERSION = YES;
				CLANG_WARN_OBJC_IMPLICIT_RETAIN_SELF = YES;
				CLANG_WARN_OBJC_LITERAL_CONVERSION = YES;
				CLANG_WARN_OBJC_ROOT_CLASS = YES_ERROR;
				CLANG_WARN_RANGE_LOOP_ANALYSIS = YES;
				CLANG_WARN_STRICT_PROTOTYPES = YES;
				CLANG_WARN_SUSPICIOUS_MOVE = YES;
				CLANG_WARN_UNGUARDED_AVAILABILITY = YES_AGGRESSIVE;
				CLANG_WARN_UNREACHABLE_CODE = YES;
				CLANG_WARN__DUPLICATE_METHOD_MATCH = YES;
				CODE_SIGN_IDENTITY = "iPhone Developer";
				COPY_PHASE_STRIP = NO;
				DEBUG_INFORMATION_FORMAT = "dwarf-with-dsym";
				ENABLE_NS_ASSERTIONS = NO;
				ENABLE_STRICT_OBJC_MSGSEND = YES;
				GCC_C_LANGUAGE_STANDARD = gnu11;
				GCC_NO_COMMON_BLOCKS = YES;
				GCC_WARN_64_TO_32_BIT_CONVERSION = YES;
				GCC_WARN_ABOUT_RETURN_TYPE = YES_ERROR;
				GCC_WARN_UNDECLARED_SELECTOR = YES;
				GCC_WARN_UNINITIALIZED_AUTOS = YES_AGGRESSIVE;
				GCC_WARN_UNUSED_FUNCTION = YES;
				GCC_WARN_UNUSED_VARIABLE = YES;
				IPHONEOS_DEPLOYMENT_TARGET = 12.2;
				MTL_ENABLE_DEBUG_INFO = NO;
				MTL_FAST_MATH = YES;
				SDKROOT = iphoneos;
				SWIFT_COMPILATION_MODE = wholemodule;
				SWIFT_OPTIMIZATION_LEVEL = "-O";
				VALIDATE_PRODUCT = YES;
			};
			name = Release;
		};
		9EC2772922B79BA5006FB907 /* Debug */ = {
			isa = XCBuildConfiguration;
			buildSettings = {
				ASSETCATALOG_COMPILER_APPICON_NAME = AppIcon;
				CODE_SIGN_STYLE = Automatic;
				INFOPLIST_FILE = NoteStepik/Info.plist;
				LD_RUNPATH_SEARCH_PATHS = (
					"$(inherited)",
					"@executable_path/Frameworks",
				);
				PRODUCT_BUNDLE_IDENTIFIER = KG.NoteStepik;
				PRODUCT_NAME = "$(TARGET_NAME)";
				SWIFT_VERSION = 5.0;
				TARGETED_DEVICE_FAMILY = "1,2";
			};
			name = Debug;
		};
		9EC2772A22B79BA5006FB907 /* Release */ = {
			isa = XCBuildConfiguration;
			buildSettings = {
				ASSETCATALOG_COMPILER_APPICON_NAME = AppIcon;
				CODE_SIGN_STYLE = Automatic;
				INFOPLIST_FILE = NoteStepik/Info.plist;
				LD_RUNPATH_SEARCH_PATHS = (
					"$(inherited)",
					"@executable_path/Frameworks",
				);
				PRODUCT_BUNDLE_IDENTIFIER = KG.NoteStepik;
				PRODUCT_NAME = "$(TARGET_NAME)";
				SWIFT_VERSION = 5.0;
				TARGETED_DEVICE_FAMILY = "1,2";
			};
			name = Release;
		};
/* End XCBuildConfiguration section */

/* Begin XCConfigurationList section */
		9EC2770E22B79BA1006FB907 /* Build configuration list for PBXProject "NoteStepik" */ = {
			isa = XCConfigurationList;
			buildConfigurations = (
				9EC2772622B79BA5006FB907 /* Debug */,
				9EC2772722B79BA5006FB907 /* Release */,
			);
			defaultConfigurationIsVisible = 0;
			defaultConfigurationName = Release;
		};
		9EC2772822B79BA5006FB907 /* Build configuration list for PBXNativeTarget "NoteStepik" */ = {
			isa = XCConfigurationList;
			buildConfigurations = (
				9EC2772922B79BA5006FB907 /* Debug */,
				9EC2772A22B79BA5006FB907 /* Release */,
			);
			defaultConfigurationIsVisible = 0;
			defaultConfigurationName = Release;
		};
/* End XCConfigurationList section */

/* Begin XCVersionGroup section */
		9EC2771D22B79BA2006FB907 /* NoteStepik.xcdatamodeld */ = {
			isa = XCVersionGroup;
			children = (
				9EC2771E22B79BA2006FB907 /* NoteStepik.xcdatamodel */,
			);
			currentVersion = 9EC2771E22B79BA2006FB907 /* NoteStepik.xcdatamodel */;
			path = NoteStepik.xcdatamodeld;
			sourceTree = "<group>";
			versionGroupType = wrapper.xcdatamodel;
		};
/* End XCVersionGroup section */
	};
	rootObject = 9EC2770B22B79BA1006FB907 /* Project object */;
}
